
Microsoft Visual Studio Solution File, Format Version 11.00
# Visual C++ Express 2010
Project("{8BC9CEB8-8B4A-11D0-8D11-00A0C91BC942}") = "Flappy start", "Flappy start\Flappy start.vcxproj", "{B0A33EFA-71B4-45D1-B631-59C2C84282E9}"
EndProject
Project("{8BC9CEB8-8B4A-11D0-8D11-00A0C91BC942}") = "Simon game", "Simon game\Simon game.vcxproj", "{38FED649-44D3-4DD7-8DAF-5F67E973D11E}"
EndProject
Project("{8BC9CEB8-8B4A-11D0-8D11-00A0C91BC942}") = "Flappy try", "Flappy try\Flappy try.vcxproj", "{60EE5744-F184-4E6F-A99E-3C13388D6E45}"
EndProject
Project("{8BC9CEB8-8B4A-11D0-8D11-00A0C91BC942}") = "Jumpscare", "Jumpscare\Jumpscare.vcxproj", "{38F1D057-C580-4BD2-9C8F-64AF581D9B79}"
EndProject
Project("{8BC9CEB8-8B4A-11D0-8D11-00A0C91BC942}") = "Compilation", "Compilation\Compilation.vcxproj", "{4AC72CF2-EB90-4A45-A328-3A9505E690F9}"
EndProject
Global
	GlobalSection(SolutionConfigurationPlatforms) = preSolution
		Debug|Win32 = Debug|Win32
		Release|Win32 = Release|Win32
	EndGlobalSection
	GlobalSection(ProjectConfigurationPlatforms) = postSolution
		{B0A33EFA-71B4-45D1-B631-59C2C84282E9}.Debug|Win32.ActiveCfg = Debug|Win32
		{B0A33EFA-71B4-45D1-B631-59C2C84282E9}.Debug|Win32.Build.0 = Debug|Win32
		{B0A33EFA-71B4-45D1-B631-59C2C84282E9}.Release|Win32.ActiveCfg = Release|Win32
		{B0A33EFA-71B4-45D1-B631-59C2C84282E9}.Release|Win32.Build.0 = Release|Win32
		{38FED649-44D3-4DD7-8DAF-5F67E973D11E}.Debug|Win32.ActiveCfg = Debug|Win32
		{38FED649-44D3-4DD7-8DAF-5F67E973D11E}.Debug|Win32.Build.0 = Debug|Win32
		{38FED649-44D3-4DD7-8DAF-5F67E973D11E}.Release|Win32.ActiveCfg = Release|Win32
		{38FED649-44D3-4DD7-8DAF-5F67E973D11E}.Release|Win32.Build.0 = Release|Win32
		{60EE5744-F184-4E6F-A99E-3C13388D6E45}.Debug|Win32.ActiveCfg = Debug|Win32
		{60EE5744-F184-4E6F-A99E-3C13388D6E45}.Debug|Win32.Build.0 = Debug|Win32
		{60EE5744-F184-4E6F-A99E-3C13388D6E45}.Release|Win32.ActiveCfg = Release|Win32
		{60EE5744-F184-4E6F-A99E-3C13388D6E45}.Release|Win32.Build.0 = Release|Win32
		{38F1D057-C580-4BD2-9C8F-64AF581D9B79}.Debug|Win32.ActiveCfg = Debug|Win32
		{38F1D057-C580-4BD2-9C8F-64AF581D9B79}.Debug|Win32.Build.0 = Debug|Win32
		{38F1D057-C580-4BD2-9C8F-64AF581D9B79}.Release|Win32.ActiveCfg = Release|Win32
		{38F1D057-C580-4BD2-9C8F-64AF581D9B79}.Release|Win32.Build.0 = Release|Win32
		{4AC72CF2-EB90-4A45-A328-3A9505E690F9}.Debug|Win32.ActiveCfg = Debug|Win32
		{4AC72CF2-EB90-4A45-A328-3A9505E690F9}.Debug|Win32.Build.0 = Debug|Win32
		{4AC72CF2-EB90-4A45-A328-3A9505E690F9}.Release|Win32.ActiveCfg = Release|Win32
		{4AC72CF2-EB90-4A45-A328-3A9505E690F9}.Release|Win32.Build.0 = Release|Win32
	EndGlobalSection
	GlobalSection(SolutionProperties) = preSolution
		HideSolutionNode = FALSE
	EndGlobalSection
EndGlobal
